
Microsoft Visual Studio Solution File, Format Version 12.00
# Visual Studio 15
VisualStudioVersion = 15.0.28307.705
MinimumVisualStudioVersion = 10.0.40219.1
Project("{8BC9CEB8-8B4A-11D0-8D11-00A0C91BC942}") = "driver", "driver\driver.vcxproj", "{E0056B82-8322-45E8-94CF-8D2AAA3DA55C}"
EndProject
Project("{8BC9CEB8-8B4A-11D0-8D11-00A0C91BC942}") = "drvmap", "drvmap\drvmap.vcxproj", "{14564628-1966-4822-8EC7-3BC613DE4FFE}"
EndProject
Project("{8BC9CEB8-8B4A-11D0-8D11-00A0C91BC942}") = "capcom", "capcom\capcom.vcxproj", "{329B6895-3CAB-43A7-AA43-6BDFF5072110}"
EndProject
Project("{8BC9CEB8-8B4A-11D0-8D11-00A0C91BC942}") = "trannysex_rust_old", "trannysex_rust_old\trannysex_rust_old.vcxproj", "{29B34554-301F-479F-A851-84547DFFBDB7}"
EndProject
Project("{8BC9CEB8-8B4A-11D0-8D11-00A0C91BC942}") = "trannysex_rust_launcher", "trannysex_rust_launcher\trannysex_rust_launcher.vcxproj", "{3D845930-A9B2-4D2D-B7AA-7AB1CEDC558F}"
EndProject
Project("{8BC9CEB8-8B4A-11D0-8D11-00A0C91BC942}") = "trannysex_rust", "trannysex_rust\trannysex_rust.vcxproj", "{C811228E-A338-4D8E-88D7-1861762F8B4D}"
EndProject
Global
	GlobalSection(SolutionConfigurationPlatforms) = preSolution
		Debug|ARM = Debug|ARM
		Debug|ARM64 = Debug|ARM64
		Debug|x64 = Debug|x64
		Debug|x86 = Debug|x86
		LibRelease|ARM = LibRelease|ARM
		LibRelease|ARM64 = LibRelease|ARM64
		LibRelease|x64 = LibRelease|x64
		LibRelease|x86 = LibRelease|x86
		Release|ARM = Release|ARM
		Release|ARM64 = Release|ARM64
		Release|x64 = Release|x64
		Release|x86 = Release|x86
	EndGlobalSection
	GlobalSection(ProjectConfigurationPlatforms) = postSolution
		{E0056B82-8322-45E8-94CF-8D2AAA3DA55C}.Debug|ARM.ActiveCfg = Debug|ARM
		{E0056B82-8322-45E8-94CF-8D2AAA3DA55C}.Debug|ARM.Build.0 = Debug|ARM
		{E0056B82-8322-45E8-94CF-8D2AAA3DA55C}.Debug|ARM.Deploy.0 = Debug|ARM
		{E0056B82-8322-45E8-94CF-8D2AAA3DA55C}.Debug|ARM64.ActiveCfg = Debug|ARM64
		{E0056B82-8322-45E8-94CF-8D2AAA3DA55C}.Debug|ARM64.Build.0 = Debug|ARM64
		{E0056B82-8322-45E8-94CF-8D2AAA3DA55C}.Debug|ARM64.Deploy.0 = Debug|ARM64
		{E0056B82-8322-45E8-94CF-8D2AAA3DA55C}.Debug|x64.ActiveCfg = Debug|x64
		{E0056B82-8322-45E8-94CF-8D2AAA3DA55C}.Debug|x64.Build.0 = Debug|x64
		{E0056B82-8322-45E8-94CF-8D2AAA3DA55C}.Debug|x64.Deploy.0 = Debug|x64
		{E0056B82-8322-45E8-94CF-8D2AAA3DA55C}.Debug|x86.ActiveCfg = Debug|Win32
		{E0056B82-8322-45E8-94CF-8D2AAA3DA55C}.Debug|x86.Build.0 = Debug|Win32
		{E0056B82-8322-45E8-94CF-8D2AAA3DA55C}.Debug|x86.Deploy.0 = Debug|Win32
		{E0056B82-8322-45E8-94CF-8D2AAA3DA55C}.LibRelease|ARM.ActiveCfg = Release|ARM
		{E0056B82-8322-45E8-94CF-8D2AAA3DA55C}.LibRelease|ARM.Build.0 = Release|ARM
		{E0056B82-8322-45E8-94CF-8D2AAA3DA55C}.LibRelease|ARM.Deploy.0 = Release|ARM
		{E0056B82-8322-45E8-94CF-8D2AAA3DA55C}.LibRelease|ARM64.ActiveCfg = Release|ARM64
		{E0056B82-8322-45E8-94CF-8D2AAA3DA55C}.LibRelease|ARM64.Build.0 = Release|ARM64
		{E0056B82-8322-45E8-94CF-8D2AAA3DA55C}.LibRelease|ARM64.Deploy.0 = Release|ARM64
		{E0056B82-8322-45E8-94CF-8D2AAA3DA55C}.LibRelease|x64.ActiveCfg = Release|x64
		{E0056B82-8322-45E8-94CF-8D2AAA3DA55C}.LibRelease|x64.Build.0 = Release|x64
		{E0056B82-8322-45E8-94CF-8D2AAA3DA55C}.LibRelease|x64.Deploy.0 = Release|x64
		{E0056B82-8322-45E8-94CF-8D2AAA3DA55C}.LibRelease|x86.ActiveCfg = Release|Win32
		{E0056B82-8322-45E8-94CF-8D2AAA3DA55C}.LibRelease|x86.Build.0 = Release|Win32
		{E0056B82-8322-45E8-94CF-8D2AAA3DA55C}.LibRelease|x86.Deploy.0 = Release|Win32
		{E0056B82-8322-45E8-94CF-8D2AAA3DA55C}.Release|ARM.ActiveCfg = Release|ARM
		{E0056B82-8322-45E8-94CF-8D2AAA3DA55C}.Release|ARM.Build.0 = Release|ARM
		{E0056B82-8322-45E8-94CF-8D2AAA3DA55C}.Release|ARM.Deploy.0 = Release|ARM
		{E0056B82-8322-45E8-94CF-8D2AAA3DA55C}.Release|ARM64.ActiveCfg = Release|ARM64
		{E0056B82-8322-45E8-94CF-8D2AAA3DA55C}.Release|ARM64.Build.0 = Release|ARM64
		{E0056B82-8322-45E8-94CF-8D2AAA3DA55C}.Release|ARM64.Deploy.0 = Release|ARM64
		{E0056B82-8322-45E8-94CF-8D2AAA3DA55C}.Release|x64.ActiveCfg = Release|x64
		{E0056B82-8322-45E8-94CF-8D2AAA3DA55C}.Release|x64.Build.0 = Release|x64
		{E0056B82-8322-45E8-94CF-8D2AAA3DA55C}.Release|x64.Deploy.0 = Release|x64
		{E0056B82-8322-45E8-94CF-8D2AAA3DA55C}.Release|x86.ActiveCfg = Release|Win32
		{E0056B82-8322-45E8-94CF-8D2AAA3DA55C}.Release|x86.Build.0 = Release|Win32
		{E0056B82-8322-45E8-94CF-8D2AAA3DA55C}.Release|x86.Deploy.0 = Release|Win32
		{14564628-1966-4822-8EC7-3BC613DE4FFE}.Debug|ARM.ActiveCfg = Debug|Win32
		{14564628-1966-4822-8EC7-3BC613DE4FFE}.Debug|ARM64.ActiveCfg = Debug|Win32
		{14564628-1966-4822-8EC7-3BC613DE4FFE}.Debug|x64.ActiveCfg = Debug|x64
		{14564628-1966-4822-8EC7-3BC613DE4FFE}.Debug|x64.Build.0 = Debug|x64
		{14564628-1966-4822-8EC7-3BC613DE4FFE}.Debug|x86.ActiveCfg = Debug|Win32
		{14564628-1966-4822-8EC7-3BC613DE4FFE}.Debug|x86.Build.0 = Debug|Win32
		{14564628-1966-4822-8EC7-3BC613DE4FFE}.LibRelease|ARM.ActiveCfg = Release|x64
		{14564628-1966-4822-8EC7-3BC613DE4FFE}.LibRelease|ARM.Build.0 = Release|x64
		{14564628-1966-4822-8EC7-3BC613DE4FFE}.LibRelease|ARM64.ActiveCfg = Release|x64
		{14564628-1966-4822-8EC7-3BC613DE4FFE}.LibRelease|ARM64.Build.0 = Release|x64
		{14564628-1966-4822-8EC7-3BC613DE4FFE}.LibRelease|x64.ActiveCfg = Release|x64
		{14564628-1966-4822-8EC7-3BC613DE4FFE}.LibRelease|x64.Build.0 = Release|x64
		{14564628-1966-4822-8EC7-3BC613DE4FFE}.LibRelease|x86.ActiveCfg = Release|Win32
		{14564628-1966-4822-8EC7-3BC613DE4FFE}.LibRelease|x86.Build.0 = Release|Win32
		{14564628-1966-4822-8EC7-3BC613DE4FFE}.Release|ARM.ActiveCfg = Release|Win32
		{14564628-1966-4822-8EC7-3BC613DE4FFE}.Release|ARM64.ActiveCfg = Release|Win32
		{14564628-1966-4822-8EC7-3BC613DE4FFE}.Release|x64.ActiveCfg = Release|x64
		{14564628-1966-4822-8EC7-3BC613DE4FFE}.Release|x64.Build.0 = Release|x64
		{14564628-1966-4822-8EC7-3BC613DE4FFE}.Release|x86.ActiveCfg = Release|Win32
		{14564628-1966-4822-8EC7-3BC613DE4FFE}.Release|x86.Build.0 = Release|Win32
		{329B6895-3CAB-43A7-AA43-6BDFF5072110}.Debug|ARM.ActiveCfg = Debug|x64
		{329B6895-3CAB-43A7-AA43-6BDFF5072110}.Debug|ARM64.ActiveCfg = Debug|x64
		{329B6895-3CAB-43A7-AA43-6BDFF5072110}.Debug|x64.ActiveCfg = Debug|x64
		{329B6895-3CAB-43A7-AA43-6BDFF5072110}.Debug|x64.Build.0 = Debug|x64
		{329B6895-3CAB-43A7-AA43-6BDFF5072110}.Debug|x86.ActiveCfg = Debug|x64
		{329B6895-3CAB-43A7-AA43-6BDFF5072110}.LibRelease|ARM.ActiveCfg = LibRelease|x64
		{329B6895-3CAB-43A7-AA43-6BDFF5072110}.LibRelease|ARM64.ActiveCfg = LibRelease|x64
		{329B6895-3CAB-43A7-AA43-6BDFF5072110}.LibRelease|x64.ActiveCfg = LibRelease|x64
		{329B6895-3CAB-43A7-AA43-6BDFF5072110}.LibRelease|x64.Build.0 = LibRelease|x64
		{329B6895-3CAB-43A7-AA43-6BDFF5072110}.LibRelease|x86.ActiveCfg = LibRelease|x64
		{329B6895-3CAB-43A7-AA43-6BDFF5072110}.Release|ARM.ActiveCfg = Release|x64
		{329B6895-3CAB-43A7-AA43-6BDFF5072110}.Release|ARM64.ActiveCfg = Release|x64
		{329B6895-3CAB-43A7-AA43-6BDFF5072110}.Release|x64.ActiveCfg = Release|x64
		{329B6895-3CAB-43A7-AA43-6BDFF5072110}.Release|x64.Build.0 = Release|x64
		{329B6895-3CAB-43A7-AA43-6BDFF5072110}.Release|x86.ActiveCfg = Release|x64
		{29B34554-301F-479F-A851-84547DFFBDB7}.Debug|ARM.ActiveCfg = Debug|Win32
		{29B34554-301F-479F-A851-84547DFFBDB7}.Debug|ARM64.ActiveCfg = Debug|Win32
		{29B34554-301F-479F-A851-84547DFFBDB7}.Debug|x64.ActiveCfg = Debug|x64
		{29B34554-301F-479F-A851-84547DFFBDB7}.Debug|x64.Build.0 = Debug|x64
		{29B34554-301F-479F-A851-84547DFFBDB7}.Debug|x86.ActiveCfg = Debug|Win32
		{29B34554-301F-479F-A851-84547DFFBDB7}.Debug|x86.Build.0 = Debug|Win32
		{29B34554-301F-479F-A851-84547DFFBDB7}.LibRelease|ARM.ActiveCfg = Release|x64
		{29B34554-301F-479F-A851-84547DFFBDB7}.LibRelease|ARM.Build.0 = Release|x64
		{29B34554-301F-479F-A851-84547DFFBDB7}.LibRelease|ARM64.ActiveCfg = Release|x64
		{29B34554-301F-479F-A851-84547DFFBDB7}.LibRelease|ARM64.Build.0 = Release|x64
		{29B34554-301F-479F-A851-84547DFFBDB7}.LibRelease|x64.ActiveCfg = Release|x64
		{29B34554-301F-479F-A851-84547DFFBDB7}.LibRelease|x64.Build.0 = Release|x64
		{29B34554-301F-479F-A851-84547DFFBDB7}.LibRelease|x86.ActiveCfg = Release|Win32
		{29B34554-301F-479F-A851-84547DFFBDB7}.LibRelease|x86.Build.0 = Release|Win32
		{29B34554-301F-479F-A851-84547DFFBDB7}.Release|ARM.ActiveCfg = Release|Win32
		{29B34554-301F-479F-A851-84547DFFBDB7}.Release|ARM64.ActiveCfg = Release|Win32
		{29B34554-301F-479F-A851-84547DFFBDB7}.Release|x64.ActiveCfg = Release|x64
		{29B34554-301F-479F-A851-84547DFFBDB7}.Release|x64.Build.0 = Release|x64
		{29B34554-301F-479F-A851-84547DFFBDB7}.Release|x86.ActiveCfg = Release|Win32
		{29B34554-301F-479F-A851-84547DFFBDB7}.Release|x86.Build.0 = Release|Win32
		{3D845930-A9B2-4D2D-B7AA-7AB1CEDC558F}.Debug|ARM.ActiveCfg = Debug|Win32
		{3D845930-A9B2-4D2D-B7AA-7AB1CEDC558F}.Debug|ARM64.ActiveCfg = Debug|Win32
		{3D845930-A9B2-4D2D-B7AA-7AB1CEDC558F}.Debug|x64.ActiveCfg = Debug|x64
		{3D845930-A9B2-4D2D-B7AA-7AB1CEDC558F}.Debug|x64.Build.0 = Debug|x64
		{3D845930-A9B2-4D2D-B7AA-7AB1CEDC558F}.Debug|x86.ActiveCfg = Debug|Win32
		{3D845930-A9B2-4D2D-B7AA-7AB1CEDC558F}.Debug|x86.Build.0 = Debug|Win32
		{3D845930-A9B2-4D2D-B7AA-7AB1CEDC558F}.LibRelease|ARM.ActiveCfg = Release|x64
		{3D845930-A9B2-4D2D-B7AA-7AB1CEDC558F}.LibRelease|ARM.Build.0 = Release|x64
		{3D845930-A9B2-4D2D-B7AA-7AB1CEDC558F}.LibRelease|ARM64.ActiveCfg = Release|x64
		{3D845930-A9B2-4D2D-B7AA-7AB1CEDC558F}.LibRelease|ARM64.Build.0 = Release|x64
		{3D845930-A9B2-4D2D-B7AA-7AB1CEDC558F}.LibRelease|x64.ActiveCfg = Release|x64
		{3D845930-A9B2-4D2D-B7AA-7AB1CEDC558F}.LibRelease|x64.Build.0 = Release|x64
		{3D845930-A9B2-4D2D-B7AA-7AB1CEDC558F}.LibRelease|x86.ActiveCfg = Release|Win32
		{3D845930-A9B2-4D2D-B7AA-7AB1CEDC558F}.LibRelease|x86.Build.0 = Release|Win32
		{3D845930-A9B2-4D2D-B7AA-7AB1CEDC558F}.Release|ARM.ActiveCfg = Release|Win32
		{3D845930-A9B2-4D2D-B7AA-7AB1CEDC558F}.Release|ARM64.ActiveCfg = Release|Win32
		{3D845930-A9B2-4D2D-B7AA-7AB1CEDC558F}.Release|x64.ActiveCfg = Release|x64
		{3D845930-A9B2-4D2D-B7AA-7AB1CEDC558F}.Release|x64.Build.0 = Release|x64
		{3D845930-A9B2-4D2D-B7AA-7AB1CEDC558F}.Release|x86.ActiveCfg = Release|Win32
		{3D845930-A9B2-4D2D-B7AA-7AB1CEDC558F}.Release|x86.Build.0 = Release|Win32
		{C811228E-A338-4D8E-88D7-1861762F8B4D}.Debug|ARM.ActiveCfg = Debug|Win32
		{C811228E-A338-4D8E-88D7-1861762F8B4D}.Debug|ARM64.ActiveCfg = Debug|Win32
		{C811228E-A338-4D8E-88D7-1861762F8B4D}.Debug|x64.ActiveCfg = Debug|x64
		{C811228E-A338-4D8E-88D7-1861762F8B4D}.Debug|x64.Build.0 = Debug|x64
		{C811228E-A338-4D8E-88D7-1861762F8B4D}.Debug|x86.ActiveCfg = Debug|Win32
		{C811228E-A338-4D8E-88D7-1861762F8B4D}.Debug|x86.Build.0 = Debug|Win32
		{C811228E-A338-4D8E-88D7-1861762F8B4D}.LibRelease|ARM.ActiveCfg = Release|x64
		{C811228E-A338-4D8E-88D7-1861762F8B4D}.LibRelease|ARM.Build.0 = Release|x64
		{C811228E-A338-4D8E-88D7-1861762F8B4D}.LibRelease|ARM64.ActiveCfg = Release|x64
		{C811228E-A338-4D8E-88D7-1861762F8B4D}.LibRelease|ARM64.Build.0 = Release|x64
		{C811228E-A338-4D8E-88D7-1861762F8B4D}.LibRelease|x64.ActiveCfg = Release|x64
		{C811228E-A338-4D8E-88D7-1861762F8B4D}.LibRelease|x64.Build.0 = Release|x64
		{C811228E-A338-4D8E-88D7-1861762F8B4D}.LibRelease|x86.ActiveCfg = Release|Win32
		{C811228E-A338-4D8E-88D7-1861762F8B4D}.LibRelease|x86.Build.0 = Release|Win32
		{C811228E-A338-4D8E-88D7-1861762F8B4D}.Release|ARM.ActiveCfg = Release|Win32
		{C811228E-A338-4D8E-88D7-1861762F8B4D}.Release|ARM64.ActiveCfg = Release|Win32
		{C811228E-A338-4D8E-88D7-1861762F8B4D}.Release|x64.ActiveCfg = Release|x64
		{C811228E-A338-4D8E-88D7-1861762F8B4D}.Release|x64.Build.0 = Release|x64
		{C811228E-A338-4D8E-88D7-1861762F8B4D}.Release|x86.ActiveCfg = Release|Win32
		{C811228E-A338-4D8E-88D7-1861762F8B4D}.Release|x86.Build.0 = Release|Win32
	EndGlobalSection
	GlobalSection(SolutionProperties) = preSolution
		HideSolutionNode = FALSE
	EndGlobalSection
	GlobalSection(ExtensibilityGlobals) = postSolution
		SolutionGuid = {B8764B4D-D264-4EC7-A830-83A3B08DA42F}
	EndGlobalSection
EndGlobal
